
Microsoft Visual Studio Solution File, Format Version 12.00
# Visual Studio Version 16
VisualStudioVersion = 16.0.30907.101
MinimumVisualStudioVersion = 10.0.40219.1
Project("{FAE04EC0-301F-11D3-BF4B-00C04F79EFBC}") = "Task_3", "Task_3\Task_3.csproj", "{71F9043B-1487-4FE9-91FA-663C8F41EF74}"
EndProject
Global
	GlobalSection(SolutionConfigurationPlatforms) = preSolution
		Debug|Any CPU = Debug|Any CPU
		Release|Any CPU = Release|Any CPU
	EndGlobalSection
	GlobalSection(ProjectConfigurationPlatforms) = postSolution
		{71F9043B-1487-4FE9-91FA-663C8F41EF74}.Debug|Any CPU.ActiveCfg = Debug|Any CPU
		{71F9043B-1487-4FE9-91FA-663C8F41EF74}.Debug|Any CPU.Build.0 = Debug|Any CPU
		{71F9043B-1487-4FE9-91FA-663C8F41EF74}.Release|Any CPU.ActiveCfg = Release|Any CPU
		{71F9043B-1487-4FE9-91FA-663C8F41EF74}.Release|Any CPU.Build.0 = Release|Any CPU
	EndGlobalSection
	GlobalSection(SolutionProperties) = preSolution
		HideSolutionNode = FALSE
	EndGlobalSection
	GlobalSection(ExtensibilityGlobals) = postSolution
		SolutionGuid = {DD902F2F-BD1E-48BE-933C-29882277ADAC}
	EndGlobalSection
EndGlobal
