
Microsoft Visual Studio Solution File, Format Version 12.00
# Visual Studio Version 16
VisualStudioVersion = 16.0.30804.86
MinimumVisualStudioVersion = 10.0.40219.1
Project("{FAE04EC0-301F-11D3-BF4B-00C04F79EFBC}") = "Task_2", "Task_2\Task_2.csproj", "{53CD8143-83F1-4052-91FE-3D31D0D2EDB2}"
EndProject
Global
	GlobalSection(SolutionConfigurationPlatforms) = preSolution
		Debug|Any CPU = Debug|Any CPU
		Release|Any CPU = Release|Any CPU
	EndGlobalSection
	GlobalSection(ProjectConfigurationPlatforms) = postSolution
		{53CD8143-83F1-4052-91FE-3D31D0D2EDB2}.Debug|Any CPU.ActiveCfg = Debug|Any CPU
		{53CD8143-83F1-4052-91FE-3D31D0D2EDB2}.Debug|Any CPU.Build.0 = Debug|Any CPU
		{53CD8143-83F1-4052-91FE-3D31D0D2EDB2}.Release|Any CPU.ActiveCfg = Release|Any CPU
		{53CD8143-83F1-4052-91FE-3D31D0D2EDB2}.Release|Any CPU.Build.0 = Release|Any CPU
	EndGlobalSection
	GlobalSection(SolutionProperties) = preSolution
		HideSolutionNode = FALSE
	EndGlobalSection
	GlobalSection(ExtensibilityGlobals) = postSolution
		SolutionGuid = {30AF0CF2-11BB-4776-BB45-9EB25F033830}
	EndGlobalSection
EndGlobal
