
Microsoft Visual Studio Solution File, Format Version 12.00
# Visual Studio Version 16
VisualStudioVersion = 16.0.30907.101
MinimumVisualStudioVersion = 10.0.40219.1
Project("{FAE04EC0-301F-11D3-BF4B-00C04F79EFBC}") = "Task_1", "Task_1\Task_1.csproj", "{F6FCC690-68E4-4CA4-A5D0-7A0FD5922F37}"
EndProject
Global
	GlobalSection(SolutionConfigurationPlatforms) = preSolution
		Debug|Any CPU = Debug|Any CPU
		Release|Any CPU = Release|Any CPU
	EndGlobalSection
	GlobalSection(ProjectConfigurationPlatforms) = postSolution
		{F6FCC690-68E4-4CA4-A5D0-7A0FD5922F37}.Debug|Any CPU.ActiveCfg = Debug|Any CPU
		{F6FCC690-68E4-4CA4-A5D0-7A0FD5922F37}.Debug|Any CPU.Build.0 = Debug|Any CPU
		{F6FCC690-68E4-4CA4-A5D0-7A0FD5922F37}.Release|Any CPU.ActiveCfg = Release|Any CPU
		{F6FCC690-68E4-4CA4-A5D0-7A0FD5922F37}.Release|Any CPU.Build.0 = Release|Any CPU
	EndGlobalSection
	GlobalSection(SolutionProperties) = preSolution
		HideSolutionNode = FALSE
	EndGlobalSection
	GlobalSection(ExtensibilityGlobals) = postSolution
		SolutionGuid = {AF2560CE-FF27-481E-8886-0A15B34AF6FF}
	EndGlobalSection
EndGlobal
