
Microsoft Visual Studio Solution File, Format Version 12.00
# Visual Studio Version 16
VisualStudioVersion = 16.0.30804.86
MinimumVisualStudioVersion = 10.0.40219.1
Project("{FAE04EC0-301F-11D3-BF4B-00C04F79EFBC}") = "Task_2", "Task_2\Task_2.csproj", "{B6C45E3C-D80F-4684-B474-EE86D0841347}"
EndProject
Global
	GlobalSection(SolutionConfigurationPlatforms) = preSolution
		Debug|Any CPU = Debug|Any CPU
		Release|Any CPU = Release|Any CPU
	EndGlobalSection
	GlobalSection(ProjectConfigurationPlatforms) = postSolution
		{B6C45E3C-D80F-4684-B474-EE86D0841347}.Debug|Any CPU.ActiveCfg = Debug|Any CPU
		{B6C45E3C-D80F-4684-B474-EE86D0841347}.Debug|Any CPU.Build.0 = Debug|Any CPU
		{B6C45E3C-D80F-4684-B474-EE86D0841347}.Release|Any CPU.ActiveCfg = Release|Any CPU
		{B6C45E3C-D80F-4684-B474-EE86D0841347}.Release|Any CPU.Build.0 = Release|Any CPU
	EndGlobalSection
	GlobalSection(SolutionProperties) = preSolution
		HideSolutionNode = FALSE
	EndGlobalSection
	GlobalSection(ExtensibilityGlobals) = postSolution
		SolutionGuid = {09E37333-F723-4D11-9F57-62EEFD162D9A}
	EndGlobalSection
EndGlobal
