
Microsoft Visual Studio Solution File, Format Version 12.00
# Visual Studio Version 16
VisualStudioVersion = 16.0.30907.101
MinimumVisualStudioVersion = 10.0.40219.1
Project("{FAE04EC0-301F-11D3-BF4B-00C04F79EFBC}") = "School", "School\School.csproj", "{5EA1E6D6-23C9-45D6-85C0-64307EB41B05}"
EndProject
Project("{FAE04EC0-301F-11D3-BF4B-00C04F79EFBC}") = "Personal", "Personal\Personal.csproj", "{BA06F1C0-2E47-4747-A854-65EEDE766E92}"
EndProject
Global
	GlobalSection(SolutionConfigurationPlatforms) = preSolution
		Debug|Any CPU = Debug|Any CPU
		Release|Any CPU = Release|Any CPU
	EndGlobalSection
	GlobalSection(ProjectConfigurationPlatforms) = postSolution
		{5EA1E6D6-23C9-45D6-85C0-64307EB41B05}.Debug|Any CPU.ActiveCfg = Debug|Any CPU
		{5EA1E6D6-23C9-45D6-85C0-64307EB41B05}.Debug|Any CPU.Build.0 = Debug|Any CPU
		{5EA1E6D6-23C9-45D6-85C0-64307EB41B05}.Release|Any CPU.ActiveCfg = Release|Any CPU
		{5EA1E6D6-23C9-45D6-85C0-64307EB41B05}.Release|Any CPU.Build.0 = Release|Any CPU
		{BA06F1C0-2E47-4747-A854-65EEDE766E92}.Debug|Any CPU.ActiveCfg = Debug|Any CPU
		{BA06F1C0-2E47-4747-A854-65EEDE766E92}.Debug|Any CPU.Build.0 = Debug|Any CPU
		{BA06F1C0-2E47-4747-A854-65EEDE766E92}.Release|Any CPU.ActiveCfg = Release|Any CPU
		{BA06F1C0-2E47-4747-A854-65EEDE766E92}.Release|Any CPU.Build.0 = Release|Any CPU
	EndGlobalSection
	GlobalSection(SolutionProperties) = preSolution
		HideSolutionNode = FALSE
	EndGlobalSection
	GlobalSection(ExtensibilityGlobals) = postSolution
		SolutionGuid = {DEB5E43E-A6A0-4B85-8B4A-E8721DB720E1}
	EndGlobalSection
EndGlobal
