
Microsoft Visual Studio Solution File, Format Version 12.00
# Visual Studio Version 16
VisualStudioVersion = 16.0.30907.101
MinimumVisualStudioVersion = 10.0.40219.1
Project("{FAE04EC0-301F-11D3-BF4B-00C04F79EFBC}") = "Task_2", "Task_2\Task_2.csproj", "{713A9DF4-D6D3-41B1-80DE-85D133C0DD28}"
EndProject
Global
	GlobalSection(SolutionConfigurationPlatforms) = preSolution
		Debug|Any CPU = Debug|Any CPU
		Release|Any CPU = Release|Any CPU
	EndGlobalSection
	GlobalSection(ProjectConfigurationPlatforms) = postSolution
		{713A9DF4-D6D3-41B1-80DE-85D133C0DD28}.Debug|Any CPU.ActiveCfg = Debug|Any CPU
		{713A9DF4-D6D3-41B1-80DE-85D133C0DD28}.Debug|Any CPU.Build.0 = Debug|Any CPU
		{713A9DF4-D6D3-41B1-80DE-85D133C0DD28}.Release|Any CPU.ActiveCfg = Release|Any CPU
		{713A9DF4-D6D3-41B1-80DE-85D133C0DD28}.Release|Any CPU.Build.0 = Release|Any CPU
	EndGlobalSection
	GlobalSection(SolutionProperties) = preSolution
		HideSolutionNode = FALSE
	EndGlobalSection
	GlobalSection(ExtensibilityGlobals) = postSolution
		SolutionGuid = {99E52DAE-9086-405F-9F7E-63A05CC61463}
	EndGlobalSection
EndGlobal
